{
  "version": 4,
  "terraform_version": "1.6.4",
  "serial": 25,
  "lineage": "70cdc645-1e67-942c-306f-a90dc072a51b",
  "outputs": {
    "gb-frontend-image-name": {
      "value": "europe-west9-docker.pkg.dev/tuto-terraform-yperiquoi/guestbook-app-repo/gb-frontend",
      "type": "string"
    }
  },
  "resources": [
    {
      "mode": "data",
      "type": "google_client_config",
      "name": "default",
      "provider": "provider[\"registry.terraform.io/hashicorp/google\"]",
      "instances": [
        {
          "schema_version": 0,
          "attributes": {
            "access_token": "ya29.c.c0AY_VpZg0prYo4T7x_EYWFEc2jpGcF1enAKDxSfxdeJUkQNjpFW5p-C_LuDXnhTlLMFV2XVunSNVXUEIFBkOOwBRfED062Tmsc6wa6zl_lwp8H61qXrRSwdhnwJ1Yi3f58o46ZadjxMeGTbJ8u2RaCf1oQlS2Y-kvWWYWvk7piRKA0nStvmfsoOSYiEaGFxK2-4dCk6J17cal_PyJrMLo6BuvEqVyXXys7cm0h2G5Mp8eHA0x9wfpQvOkMvt2EXwRxj6TkdzUEMTGpZM0gRuou_2z02SmGG6j_Gnf-e6COfvFaaJ8kHHml0SXwAwqwMRPvZT9gzs76UOOPy06dy_ZB0i9NkWXSIeXlIW__3Zy3P99Bvri_BekOO43BQL387Cvu-OzeOgtXgw4eZ2RY6i4i-u3uc6hdc_y9as22BZr9QYiIBmR-9mR0vRrisOeu6e6J4sWZccIk--Whj1a__d_xYr3_MtanZx3ea179ocbU1Rk4_XFm_i3bBlmlU_Ytq_W7Z9b5dnvw2xUdr7xSfbnQeRjBr19O38kuWobporvsJ0ykW8yW35_-OhardqarwVvm3Y3Zvinrqq_YBmsz4FejOOy-se4z73cuwfqZamJvz4Yg73oMgnmWcr4Ovu6gBczpXOpMraxFOnzXxV5UUvbU0iiFSVqfnkpn2Fsq3JUfi4eaJ4ozOiY3u759dsoJFlnFhwwvYdufwpk6hMdjVMoBd5gb13U4gj6aQy194I1XcIIl3V_6joiuQk9_Sb6t7klR1aaawqyyk4t_Xjg8e7xBMuXjZxntOOennJ_Ie1oRvFh709bifyw3Bf-gYQ30w90vzsgpo79oRbYQxkpui72eoQdhdiBat-OyemMqXfXWdsk1g65zWnn1tW5lv7tnfm_Uuc0nYRq4uVtQo-9kQnIiXU1XakZ5rfZku1tzUi555lyBk_dWhyYvV2Qvc9Rieph7Feeeb0kQm3nZUqXetv_2v9Z05OMiSqyqJ0crV46rO7sl7hM-hvFrsl",
            "id": "projects/\"tuto-terraform-yperiquoi\"/regions/\"europe-west9\"/zones/\"europe-west9-a\"",
            "project": "tuto-terraform-yperiquoi",
            "region": "europe-west9",
            "zone": "europe-west9-a"
          },
          "sensitive_attributes": []
        }
      ]
    },
    {
      "mode": "data",
      "type": "google_container_cluster",
      "name": "my_cluster",
      "provider": "provider[\"registry.terraform.io/hashicorp/google\"]",
      "instances": [
        {
          "schema_version": 0,
          "attributes": {
            "addons_config": [
              {
                "cloudrun_config": [],
                "config_connector_config": [],
                "dns_cache_config": [],
                "gce_persistent_disk_csi_driver_config": [
                  {
                    "enabled": true
                  }
                ],
                "gcp_filestore_csi_driver_config": [],
                "gcs_fuse_csi_driver_config": [],
                "gke_backup_agent_config": [],
                "horizontal_pod_autoscaling": [],
                "http_load_balancing": [],
                "network_policy_config": [
                  {
                    "disabled": true
                  }
                ]
              }
            ],
            "allow_net_admin": null,
            "authenticator_groups_config": [],
            "binary_authorization": [
              {
                "enabled": false,
                "evaluation_mode": ""
              }
            ],
            "cluster_autoscaling": [
              {
                "auto_provisioning_defaults": [],
                "enabled": false,
                "resource_limits": []
              }
            ],
            "cluster_ipv4_cidr": "10.224.0.0/14",
            "confidential_nodes": [],
            "cost_management_config": [],
            "database_encryption": [
              {
                "key_name": "",
                "state": "DECRYPTED"
              }
            ],
            "datapath_provider": "",
            "default_max_pods_per_node": 110,
            "default_snat_status": [
              {
                "disabled": false
              }
            ],
            "deletion_protection": null,
            "description": "",
            "dns_config": [],
            "enable_autopilot": false,
            "enable_intranode_visibility": false,
            "enable_k8s_beta_apis": [],
            "enable_kubernetes_alpha": false,
            "enable_l4_ilb_subsetting": false,
            "enable_legacy_abac": false,
            "enable_shielded_nodes": true,
            "enable_tpu": false,
            "endpoint": "34.163.130.12",
            "fleet": [],
            "gateway_api_config": [],
            "id": "projects/tuto-terraform-yperiquoi/locations/europe-west9/clusters/tuto-terraform-yperiquoi-gke",
            "identity_service_config": [],
            "initial_node_count": 1,
            "ip_allocation_policy": [
              {
                "additional_pod_ranges_config": [],
                "cluster_ipv4_cidr_block": "10.224.0.0/14",
                "cluster_secondary_range_name": "gke-tuto-terraform-yperiquoi-gke-pods-5b4333d5",
                "pod_cidr_overprovision_config": [
                  {
                    "disabled": false
                  }
                ],
                "services_ipv4_cidr_block": "10.228.0.0/20",
                "services_secondary_range_name": "gke-tuto-terraform-yperiquoi-gke-services-5b4333d5",
                "stack_type": "IPV4"
              }
            ],
            "label_fingerprint": "a9dc16a7",
            "location": "europe-west9",
            "logging_config": [
              {
                "enable_components": [
                  "SYSTEM_COMPONENTS",
                  "WORKLOADS"
                ]
              }
            ],
            "logging_service": "logging.googleapis.com/kubernetes",
            "maintenance_policy": [],
            "master_auth": [
              {
                "client_certificate": "",
                "client_certificate_config": [
                  {
                    "issue_client_certificate": false
                  }
                ],
                "client_key": "",
                "cluster_ca_certificate": "LS0tLS1CRUdJTiBDRVJUSUZJQ0FURS0tLS0tCk1JSUVMVENDQXBXZ0F3SUJBZ0lSQU1IZ3NNZEQ3ODBNV1IrVXFtYVJsME13RFFZSktvWklodmNOQVFFTEJRQXcKTHpFdE1Dc0dBMVVFQXhNa05qSm1PVGMzTVdJdE1EWTVZUzAwWmpRNUxUbGhZbVl0TTJZeVlqUXlOalpoWVRJMwpNQ0FYRFRJek1URXlOREUwTVRnMU5Gb1lEekl3TlRNeE1URTJNVFV4T0RVMFdqQXZNUzB3S3dZRFZRUURFeVEyCk1tWTVOemN4WWkwd05qbGhMVFJtTkRrdE9XRmlaaTB6WmpKaU5ESTJObUZoTWpjd2dnR2lNQTBHQ1NxR1NJYjMKRFFFQkFRVUFBNElCandBd2dnR0tBb0lCZ1FDa2xzV3dOaGx5WUV3QU0yc0lsRFRqOTJVZFRmd29YSElZSDNWUQphS1UxNXVGN3NNWW9tUWF4VVk1Zk5NZXlGZEJRdEpIdWVVOFVQcTE5VyszalZwMWpUOHJMZ2taaFBsTkhpbitXClk2c0d1QmVNYkZYeXU1R1FlUHArUHNWdkdESFdqLzhrZC9xbzdzT0Y3c2lUTzNlUW5WM2tmNVphM3dvMXJ3VTUKTzZoQVpITDRZSjFGK2x1dFF3bzd6L3dycDNqbXBweHlEVUU3akhRNjFTS1J5ZkoxUXhlSTRhVW1qbDI4V1NpNgp2bGcvSml4WXZCVWdYNVhvUDl6V0x6SVNXZWlSbytVUk9Wekp1UTd2K2pKT1Nqcm9DS0tkUlRnVkl3M3VDdlpECllacVBzVzlNTHRKSFZORlJ5ZitvbGNVUzdOMDU3dTNWTmFmZUo1RTNWOW5ZQ2ZkSGwzLzdTcXF5MGN0bWoyeVcKYTU5Q0luL0pLTmV3N1RFcFJNaWk1ZlZZcTJIK1Fpd2RVbWMrZlhPU3NJWGt6R2pNNE95eDBQODdROTMxc1pEMAo0V3NNc0JsNXVmOGVndHoyTXNETkozWkh2Zno0K2IydmVOd3l3UlNHTE8yOTVacWVzWTZUMXY2OGRRZDlYWXE2CkF2WU5UQ2xVZTZsYjJwYWRrOUIzWTVBcUZKVUNBd0VBQWFOQ01FQXdEZ1lEVlIwUEFRSC9CQVFEQWdJRU1BOEcKQTFVZEV3RUIvd1FGTUFNQkFmOHdIUVlEVlIwT0JCWUVGSHpVcDRJNG9DODRBazhlQU5kb1B6NXNyV01GTUEwRwpDU3FHU0liM0RRRUJDd1VBQTRJQmdRQjBsZDZvTFhON1ptb1JJSjltby9Jb1Vkd1d3T2NuKytJUDhGTTIxcnBoClF2MXJBSE9uSERuYkJTZklwc1dEUWk5UTF1RlJNWjlZUE04SG8zN2MvS0MrU1hJMVdzUHJuSFN6RVBma3pCbU0KOTRKS01kQ2cyWW1vQmVOOTJKb0xWUk8zMmo2ZjByd3oydTZkYmtlSENSS2tjK3lwUXhUcHo1TnRteGtNNVJFKwpQUGtHdXpFeE1sY0FDODYzbXkydUZUcGNrNXdKQms1aGtpVjZHejBqQ2tyUmZOc1ZGUXZ1cW1LeXNybWhxYlJ0Ckoxa2pnK3RQUzVJWVoyTG1nRnFRNjU0K2ExZ0pucWpRV01TcHZZZEtZZUhva0U0MEk5c0FERmQ2em5YWE84b1oKNk9pZFo2aE1jNVk0NGVzQXNOdjZxaDV1M3NQVjF4cjRxMDNyWC90WGU1QkVrb2JUejlYbFVtcDJpTW1LL1VDawpvWjNXZE5zK3dkVUdhazlCSFVta3RBdGdiYWErYUp3VTh2V3Bib0Z0eldDZW9XZUZlTDhIV0hGbitFNm9vQlVYCmpWRGZNMkNxU29RWGQxdWtrZ2c1bUErdUpGY2t3VTA3Z3FIajBNUzNLaG9zbk5GS3hPU3paVzk5azdsaVkzMUIKQWtEZVZraDQ5Qm1CY3czVE9CSEpqZUk9Ci0tLS0tRU5EIENFUlRJRklDQVRFLS0tLS0K"
              }
            ],
            "master_authorized_networks_config": [],
            "master_version": "1.27.3-gke.100",
            "mesh_certificates": [],
            "min_master_version": null,
            "monitoring_config": [
              {
                "advanced_datapath_observability_config": [
                  {
                    "enable_metrics": false,
                    "relay_mode": ""
                  }
                ],
                "enable_components": [
                  "SYSTEM_COMPONENTS"
                ],
                "managed_prometheus": [
                  {
                    "enabled": true
                  }
                ]
              }
            ],
            "monitoring_service": "monitoring.googleapis.com/kubernetes",
            "name": "tuto-terraform-yperiquoi-gke",
            "network": "projects/tuto-terraform-yperiquoi/global/networks/tuto-terraform-yperiquoi-vpc",
            "network_policy": [
              {
                "enabled": false,
                "provider": "PROVIDER_UNSPECIFIED"
              }
            ],
            "networking_mode": "VPC_NATIVE",
            "node_config": [
              {
                "advanced_machine_features": [],
                "boot_disk_kms_key": "",
                "confidential_nodes": [],
                "disk_size_gb": 100,
                "disk_type": "pd-balanced",
                "effective_taints": [],
                "ephemeral_storage_local_ssd_config": [],
                "fast_socket": [],
                "gcfs_config": [],
                "guest_accelerator": [],
                "gvnic": [],
                "host_maintenance_policy": [],
                "image_type": "COS_CONTAINERD",
                "kubelet_config": [],
                "labels": {},
                "linux_node_config": [],
                "local_nvme_ssd_block_config": [],
                "local_ssd_count": 0,
                "logging_variant": "DEFAULT",
                "machine_type": "e2-medium",
                "metadata": {
                  "disable-legacy-endpoints": "true"
                },
                "min_cpu_platform": "",
                "node_group": "",
                "oauth_scopes": [
                  "https://www.googleapis.com/auth/devstorage.read_only",
                  "https://www.googleapis.com/auth/logging.write",
                  "https://www.googleapis.com/auth/monitoring",
                  "https://www.googleapis.com/auth/service.management.readonly",
                  "https://www.googleapis.com/auth/servicecontrol",
                  "https://www.googleapis.com/auth/trace.append"
                ],
                "preemptible": false,
                "reservation_affinity": [],
                "resource_labels": {},
                "service_account": "default",
                "shielded_instance_config": [
                  {
                    "enable_integrity_monitoring": true,
                    "enable_secure_boot": false
                  }
                ],
                "sole_tenant_config": [],
                "spot": false,
                "tags": [],
                "taint": [],
                "workload_metadata_config": []
              }
            ],
            "node_locations": [
              "europe-west9-a",
              "europe-west9-b",
              "europe-west9-c"
            ],
            "node_pool": [
              {
                "autoscaling": [],
                "initial_node_count": 1,
                "instance_group_urls": [
                  "https://www.googleapis.com/compute/v1/projects/tuto-terraform-yperiquoi/zones/europe-west9-a/instanceGroupManagers/gke-tuto-terraform-yperi-default-pool-c14cd7c2-grp",
                  "https://www.googleapis.com/compute/v1/projects/tuto-terraform-yperiquoi/zones/europe-west9-c/instanceGroupManagers/gke-tuto-terraform-yperi-default-pool-d7aab3b1-grp",
                  "https://www.googleapis.com/compute/v1/projects/tuto-terraform-yperiquoi/zones/europe-west9-b/instanceGroupManagers/gke-tuto-terraform-yperi-default-pool-ae088940-grp"
                ],
                "managed_instance_group_urls": [
                  "https://www.googleapis.com/compute/v1/projects/tuto-terraform-yperiquoi/zones/europe-west9-a/instanceGroups/gke-tuto-terraform-yperi-default-pool-c14cd7c2-grp",
                  "https://www.googleapis.com/compute/v1/projects/tuto-terraform-yperiquoi/zones/europe-west9-c/instanceGroups/gke-tuto-terraform-yperi-default-pool-d7aab3b1-grp",
                  "https://www.googleapis.com/compute/v1/projects/tuto-terraform-yperiquoi/zones/europe-west9-b/instanceGroups/gke-tuto-terraform-yperi-default-pool-ae088940-grp"
                ],
                "management": [
                  {
                    "auto_repair": true,
                    "auto_upgrade": true
                  }
                ],
                "max_pods_per_node": 110,
                "name": "default-pool",
                "name_prefix": "",
                "network_config": [
                  {
                    "create_pod_range": false,
                    "enable_private_nodes": false,
                    "pod_cidr_overprovision_config": [],
                    "pod_ipv4_cidr_block": "10.224.0.0/14",
                    "pod_range": "gke-tuto-terraform-yperiquoi-gke-pods-5b4333d5"
                  }
                ],
                "node_config": [
                  {
                    "advanced_machine_features": [],
                    "boot_disk_kms_key": "",
                    "confidential_nodes": [],
                    "disk_size_gb": 100,
                    "disk_type": "pd-balanced",
                    "effective_taints": [],
                    "ephemeral_storage_local_ssd_config": [],
                    "fast_socket": [],
                    "gcfs_config": [],
                    "guest_accelerator": [],
                    "gvnic": [],
                    "host_maintenance_policy": [],
                    "image_type": "COS_CONTAINERD",
                    "kubelet_config": [],
                    "labels": {},
                    "linux_node_config": [],
                    "local_nvme_ssd_block_config": [],
                    "local_ssd_count": 0,
                    "logging_variant": "DEFAULT",
                    "machine_type": "e2-medium",
                    "metadata": {
                      "disable-legacy-endpoints": "true"
                    },
                    "min_cpu_platform": "",
                    "node_group": "",
                    "oauth_scopes": [
                      "https://www.googleapis.com/auth/devstorage.read_only",
                      "https://www.googleapis.com/auth/logging.write",
                      "https://www.googleapis.com/auth/monitoring",
                      "https://www.googleapis.com/auth/service.management.readonly",
                      "https://www.googleapis.com/auth/servicecontrol",
                      "https://www.googleapis.com/auth/trace.append"
                    ],
                    "preemptible": false,
                    "reservation_affinity": [],
                    "resource_labels": {},
                    "service_account": "default",
                    "shielded_instance_config": [
                      {
                        "enable_integrity_monitoring": true,
                        "enable_secure_boot": false
                      }
                    ],
                    "sole_tenant_config": [],
                    "spot": false,
                    "tags": [],
                    "taint": [],
                    "workload_metadata_config": []
                  }
                ],
                "node_count": 1,
                "node_locations": [
                  "europe-west9-a",
                  "europe-west9-b",
                  "europe-west9-c"
                ],
                "placement_policy": [],
                "upgrade_settings": [
                  {
                    "blue_green_settings": [],
                    "max_surge": 1,
                    "max_unavailable": 0,
                    "strategy": "SURGE"
                  }
                ],
                "version": "1.27.3-gke.100"
              }
            ],
            "node_pool_auto_config": [],
            "node_pool_defaults": [
              {
                "node_config_defaults": [
                  {
                    "logging_variant": "DEFAULT"
                  }
                ]
              }
            ],
            "node_version": "1.27.3-gke.100",
            "notification_config": [
              {
                "pubsub": [
                  {
                    "enabled": false,
                    "filter": [],
                    "topic": ""
                  }
                ]
              }
            ],
            "operation": null,
            "private_cluster_config": [
              {
                "enable_private_endpoint": false,
                "enable_private_nodes": false,
                "master_global_access_config": [
                  {
                    "enabled": false
                  }
                ],
                "master_ipv4_cidr_block": "",
                "peering_name": "",
                "private_endpoint": "10.10.0.2",
                "private_endpoint_subnetwork": "",
                "public_endpoint": "34.163.130.12"
              }
            ],
            "private_ipv6_google_access": "",
            "project": "tuto-terraform-yperiquoi",
            "release_channel": [
              {
                "channel": "REGULAR"
              }
            ],
            "remove_default_node_pool": null,
            "resource_labels": {},
            "resource_usage_export_config": [],
            "security_posture_config": [
              {
                "mode": "BASIC",
                "vulnerability_mode": "VULNERABILITY_MODE_UNSPECIFIED"
              }
            ],
            "self_link": "https://container.googleapis.com/v1/projects/tuto-terraform-yperiquoi/locations/europe-west9/clusters/tuto-terraform-yperiquoi-gke",
            "service_external_ips_config": [
              {
                "enabled": false
              }
            ],
            "services_ipv4_cidr": "10.228.0.0/20",
            "subnetwork": "projects/tuto-terraform-yperiquoi/regions/europe-west9/subnetworks/tuto-terraform-yperiquoi-subnet",
            "tpu_ipv4_cidr_block": "",
            "vertical_pod_autoscaling": [],
            "workload_identity_config": []
          },
          "sensitive_attributes": []
        }
      ]
    },
    {
      "mode": "data",
      "type": "google_service_account_access_token",
      "name": "sa",
      "provider": "provider[\"registry.terraform.io/hashicorp/google\"]",
      "instances": [
        {
          "schema_version": 0,
          "attributes": {
            "access_token": "ya29.c.c0AY_VpZj5qOeQkc9vLzrlmkbqGpSNcC1evRLJwnCLp4jdHlQgmmX-fKAKCYtbiGuUlzAsswtI0FjU3JKy9EV4sQ6FpE1FOgD3f0r0ddzyh11rs2fHe5894VLVBWyt8mYspoH_2NoWBdcatDXitbtpVF-6IQJmGlywwS0qwKVFVZJaCzwZzTfmQaqeBIAUeN9hSK7IFR_hjXZnQLfpYbr970C5JQKLUsxQopd-IpvXgf_ZjO2Vf5ZIq5MTsOqEBK24Uh5a_JtcCoxdS3ryz9DLuuEu9baEdoYKEX-5qPYW0qgHZfLysm-glqN1HtmwGS_gdlvM1yRam1Iy71oQ7OVX00ib-CqujCysvJPvCvFvbfDvK1Y6SFjpz5duVTuVpmWyoo2EiDwllaGlroicq0KYcYHYfAUe1PHB7KNmqr86ftDJqdhrbfZqT0gx8TDlb3oev9PF0LUHKU1F8iQPEDdQPLzzN6ItJeZyGAjxucN5v-pPu0WvAdYaQHRUnpjiWiiAKgVS2m-0NKR10TLT_0-Dg8fjUjPejXEfFOb4ROKyFRKNhegst0CTjmf4qfoGaj01AhpSET4ZVSU8EH6euds2oU-MNMV_FKsFCbllB-kE624PQvS_dlzYsdm6w3F6I8bXF7jO4aejuJv0ZzJ0eYf6yRoFtpVrURhZuJFOiYVQR_jc1OsjM6cFMMxRfQuFeg4IpkUin88psm7YbvSjQeQxv9xpcuuZ7-kgrv_W2WssV4FUQ4obIY0OxobpubvddqWR_iq4WxS7zyFSVOcZg7RV11l2rZkc-Rjl3Fipj9BRppR3YQc_bkmx7r77x2XZ7MQ54_I8iqvQsQyY22gxenUW6W8tIs28V4SQbzBqR549xi9F14Fd5jU9X1Q8Myhab6pRBbQhJJ8IknURnf4vSSpBbl9aeU2kyeSOMgeSJWn6iXlghe_gm4fwYQ7B36FFIYSVSJjXQ1nuuOl7-eeOqby-O3M2Sl7F_jlFqVkuopmnzV9w3c7iY-VvZaJ",
            "delegates": null,
            "id": "projects/-/serviceAccounts/896547748596-compute@developer.gserviceaccount.com",
            "lifetime": "3600s",
            "scopes": [
              "cloud-platform"
            ],
            "target_service_account": "896547748596-compute@developer.gserviceaccount.com"
          },
          "sensitive_attributes": []
        }
      ]
    },
    {
      "mode": "data",
      "type": "terraform_remote_state",
      "name": "gke",
      "provider": "provider[\"terraform.io/builtin/terraform\"]",
      "instances": [
        {
          "schema_version": 0,
          "attributes": {
            "backend": "local",
            "config": {
              "value": {
                "path": "../gcp/terraform.tfstate"
              },
              "type": [
                "object",
                {
                  "path": "string"
                }
              ]
            },
            "defaults": null,
            "outputs": {
              "value": {
                "kubernetes_cluster_host": "34.163.130.12",
                "kubernetes_cluster_name": "tuto-terraform-yperiquoi-gke",
                "project_id": "tuto-terraform-yperiquoi"
              },
              "type": [
                "object",
                {
                  "kubernetes_cluster_host": "string",
                  "kubernetes_cluster_name": "string",
                  "project_id": "string"
                }
              ]
            },
            "workspace": null
          },
          "sensitive_attributes": []
        }
      ]
    },
    {
      "mode": "managed",
      "type": "docker_image",
      "name": "guestbook-frontend",
      "provider": "provider[\"registry.terraform.io/kreuzwerker/docker\"]",
      "instances": [
        {
          "schema_version": 0,
          "attributes": {
            "build": [
              {
                "auth_config": [],
                "build_arg": null,
                "build_args": null,
                "build_id": "",
                "cache_from": [],
                "cgroup_parent": "",
                "context": "./gb-frontend/",
                "cpu_period": null,
                "cpu_quota": null,
                "cpu_set_cpus": "",
                "cpu_set_mems": "",
                "cpu_shares": null,
                "dockerfile": "Dockerfile",
                "extra_hosts": [],
                "force_remove": null,
                "isolation": "",
                "label": null,
                "labels": null,
                "memory": null,
                "memory_swap": null,
                "network_mode": "",
                "no_cache": null,
                "platform": "",
                "pull_parent": null,
                "remote_context": "",
                "remove": true,
                "security_opt": [],
                "session_id": "",
                "shm_size": null,
                "squash": null,
                "suppress_output": null,
                "tag": [],
                "target": "",
                "ulimit": [],
                "version": ""
              }
            ],
            "force_remove": null,
            "id": "sha256:d26ce05dad63e648bb2558237f809526d9210b082930a7c7212e8018f4301697europe-west9-docker.pkg.dev/tuto-terraform-yperiquoi/guestbook-app-repo/gb-frontend",
            "image_id": "sha256:d26ce05dad63e648bb2558237f809526d9210b082930a7c7212e8018f4301697",
            "keep_locally": null,
            "name": "europe-west9-docker.pkg.dev/tuto-terraform-yperiquoi/guestbook-app-repo/gb-frontend",
            "platform": null,
            "pull_triggers": null,
            "repo_digest": "",
            "triggers": null
          },
          "sensitive_attributes": [],
          "private": "bnVsbA==",
          "dependencies": [
            "data.google_service_account_access_token.sa"
          ]
        }
      ]
    },
    {
      "mode": "managed",
      "type": "docker_registry_image",
      "name": "guestbook-frontend",
      "provider": "provider[\"registry.terraform.io/kreuzwerker/docker\"]",
      "instances": [
        {
          "schema_version": 0,
          "attributes": {
            "id": "sha256:03c098cfc7445606cb73a6e89150b16988434b4bdcd40189b04c796eecdea1ea",
            "insecure_skip_verify": false,
            "keep_remotely": true,
            "name": "europe-west9-docker.pkg.dev/tuto-terraform-yperiquoi/guestbook-app-repo/gb-frontend",
            "sha256_digest": "sha256:03c098cfc7445606cb73a6e89150b16988434b4bdcd40189b04c796eecdea1ea",
            "triggers": null
          },
          "sensitive_attributes": [],
          "private": "bnVsbA==",
          "dependencies": [
            "data.google_service_account_access_token.sa",
            "docker_image.guestbook-frontend"
          ]
        }
      ]
    },
    {
      "mode": "managed",
      "type": "kubernetes_deployment_v1",
      "name": "gb-frontend",
      "provider": "provider[\"registry.terraform.io/hashicorp/kubernetes\"]",
      "instances": [
        {
          "schema_version": 1,
          "attributes": {
            "id": "default/frontend",
            "metadata": [
              {
                "annotations": {},
                "generate_name": "",
                "generation": 2,
                "labels": {},
                "name": "frontend",
                "namespace": "default",
                "resource_version": "35193",
                "uid": "441153e9-faad-4bdf-9a9c-556534a58665"
              }
            ],
            "spec": [
              {
                "min_ready_seconds": 0,
                "paused": false,
                "progress_deadline_seconds": 600,
                "replicas": "1",
                "revision_history_limit": 10,
                "selector": [
                  {
                    "match_expressions": [],
                    "match_labels": {
                      "App": "guestbook",
                      "Tier": "frontend"
                    }
                  }
                ],
                "strategy": [
                  {
                    "rolling_update": [
                      {
                        "max_surge": "25%",
                        "max_unavailable": "25%"
                      }
                    ],
                    "type": "RollingUpdate"
                  }
                ],
                "template": [
                  {
                    "metadata": [
                      {
                        "annotations": {},
                        "generate_name": "",
                        "generation": 0,
                        "labels": {
                          "App": "guestbook",
                          "Tier": "frontend"
                        },
                        "name": "",
                        "namespace": "",
                        "resource_version": "",
                        "uid": ""
                      }
                    ],
                    "spec": [
                      {
                        "active_deadline_seconds": 0,
                        "affinity": [],
                        "automount_service_account_token": true,
                        "container": [
                          {
                            "args": [],
                            "command": [],
                            "env": [
                              {
                                "name": "GET_HOSTS_FROM",
                                "value": "dns",
                                "value_from": []
                              }
                            ],
                            "env_from": [],
                            "image": "europe-west9-docker.pkg.dev/tuto-terraform-yperiquoi/guestbook-app-repo/gb-frontend",
                            "image_pull_policy": "IfNotPresent",
                            "lifecycle": [],
                            "liveness_probe": [],
                            "name": "gb-frontend",
                            "port": [
                              {
                                "container_port": 80,
                                "host_ip": "",
                                "host_port": 0,
                                "name": "",
                                "protocol": "TCP"
                              }
                            ],
                            "readiness_probe": [],
                            "resources": [
                              {
                                "limits": {},
                                "requests": {
                                  "cpu": "100m",
                                  "memory": "100Mi"
                                }
                              }
                            ],
                            "security_context": [],
                            "startup_probe": [],
                            "stdin": false,
                            "stdin_once": false,
                            "termination_message_path": "/dev/termination-log",
                            "termination_message_policy": "File",
                            "tty": false,
                            "volume_mount": [],
                            "working_dir": ""
                          }
                        ],
                        "dns_config": [],
                        "dns_policy": "ClusterFirst",
                        "enable_service_links": true,
                        "host_aliases": [],
                        "host_ipc": false,
                        "host_network": false,
                        "host_pid": false,
                        "hostname": "",
                        "image_pull_secrets": [],
                        "init_container": [],
                        "node_name": "",
                        "node_selector": {},
                        "priority_class_name": "",
                        "readiness_gate": [],
                        "restart_policy": "Always",
                        "runtime_class_name": "",
                        "scheduler_name": "default-scheduler",
                        "security_context": [],
                        "service_account_name": "",
                        "share_process_namespace": false,
                        "subdomain": "",
                        "termination_grace_period_seconds": 30,
                        "toleration": [],
                        "topology_spread_constraint": [],
                        "volume": []
                      }
                    ]
                  }
                ]
              }
            ],
            "timeouts": null,
            "wait_for_rollout": true
          },
          "sensitive_attributes": [],
          "private": "eyJlMmJmYjczMC1lY2FhLTExZTYtOGY4OC0zNDM2M2JjN2M0YzAiOnsiY3JlYXRlIjo2MDAwMDAwMDAwMDAsImRlbGV0ZSI6NjAwMDAwMDAwMDAwLCJ1cGRhdGUiOjYwMDAwMDAwMDAwMH0sInNjaGVtYV92ZXJzaW9uIjoiMSJ9",
          "dependencies": [
            "data.google_client_config.default",
            "data.google_container_cluster.my_cluster",
            "data.google_service_account_access_token.sa",
            "data.terraform_remote_state.gke",
            "docker_image.guestbook-frontend"
          ]
        }
      ]
    },
    {
      "mode": "managed",
      "type": "kubernetes_ingress_v1",
      "name": "frontend-ingess",
      "provider": "provider[\"registry.terraform.io/hashicorp/kubernetes\"]",
      "instances": [
        {
          "schema_version": 0,
          "attributes": {
            "id": "default/frontend-ingress",
            "metadata": [
              {
                "annotations": {},
                "generate_name": "",
                "generation": 1,
                "labels": {},
                "name": "frontend-ingress",
                "namespace": "default",
                "resource_version": "15313",
                "uid": "75571e1d-dae4-400c-ac43-499baab590fb"
              }
            ],
            "spec": [
              {
                "default_backend": [
                  {
                    "resource": [],
                    "service": [
                      {
                        "name": "frontend",
                        "port": [
                          {
                            "name": "",
                            "number": 8080
                          }
                        ]
                      }
                    ]
                  }
                ],
                "ingress_class_name": "",
                "rule": [],
                "tls": []
              }
            ],
            "status": [
              {
                "load_balancer": [
                  {
                    "ingress": [
                      {
                        "hostname": "",
                        "ip": "34.117.237.52"
                      }
                    ]
                  }
                ]
              }
            ],
            "timeouts": null,
            "wait_for_load_balancer": null
          },
          "sensitive_attributes": [],
          "private": "eyJlMmJmYjczMC1lY2FhLTExZTYtOGY4OC0zNDM2M2JjN2M0YzAiOnsiY3JlYXRlIjoxMjAwMDAwMDAwMDAwLCJkZWxldGUiOjEyMDAwMDAwMDAwMDB9fQ==",
          "dependencies": [
            "data.google_client_config.default",
            "data.google_container_cluster.my_cluster",
            "data.terraform_remote_state.gke"
          ]
        }
      ]
    },
    {
      "mode": "managed",
      "type": "kubernetes_service_v1",
      "name": "frontend",
      "provider": "provider[\"registry.terraform.io/hashicorp/kubernetes\"]",
      "instances": [
        {
          "schema_version": 1,
          "attributes": {
            "id": "default/frontend",
            "metadata": [
              {
                "annotations": {},
                "generate_name": "",
                "generation": 0,
                "labels": {
                  "App": "guestbook",
                  "Tier": "frontend"
                },
                "name": "frontend",
                "namespace": "default",
                "resource_version": "13875",
                "uid": "f490def2-f059-4fb3-808f-0640a28b11c6"
              }
            ],
            "spec": [
              {
                "allocate_load_balancer_node_ports": true,
                "cluster_ip": "10.228.15.48",
                "cluster_ips": [
                  "10.228.15.48"
                ],
                "external_ips": [],
                "external_name": "",
                "external_traffic_policy": "Cluster",
                "health_check_node_port": 0,
                "internal_traffic_policy": "Cluster",
                "ip_families": [
                  "IPv4"
                ],
                "ip_family_policy": "SingleStack",
                "load_balancer_class": "",
                "load_balancer_ip": "",
                "load_balancer_source_ranges": [],
                "port": [
                  {
                    "app_protocol": "",
                    "name": "",
                    "node_port": 31711,
                    "port": 8080,
                    "protocol": "TCP",
                    "target_port": "80"
                  }
                ],
                "publish_not_ready_addresses": false,
                "selector": {
                  "App": "guestbook",
                  "Tier": "frontend"
                },
                "session_affinity": "None",
                "session_affinity_config": [],
                "type": "NodePort"
              }
            ],
            "status": [
              {
                "load_balancer": [
                  {
                    "ingress": []
                  }
                ]
              }
            ],
            "timeouts": null,
            "wait_for_load_balancer": true
          },
          "sensitive_attributes": [],
          "private": "eyJlMmJmYjczMC1lY2FhLTExZTYtOGY4OC0zNDM2M2JjN2M0YzAiOnsiY3JlYXRlIjo2MDAwMDAwMDAwMDB9LCJzY2hlbWFfdmVyc2lvbiI6IjEifQ==",
          "dependencies": [
            "data.google_client_config.default",
            "data.google_container_cluster.my_cluster",
            "data.terraform_remote_state.gke"
          ]
        }
      ]
    },
    {
      "mode": "managed",
      "type": "kubernetes_service_v1",
      "name": "redis-follower",
      "provider": "provider[\"registry.terraform.io/hashicorp/kubernetes\"]",
      "instances": [
        {
          "schema_version": 1,
          "attributes": {
            "id": "default/redis-follower",
            "metadata": [
              {
                "annotations": {},
                "generate_name": "",
                "generation": 0,
                "labels": {
                  "App": "redis",
                  "Tier": "backend"
                },
                "name": "redis-follower",
                "namespace": "default",
                "resource_version": "7326",
                "uid": "68e4ecb8-f43f-4044-a708-242d9c9f4918"
              }
            ],
            "spec": [
              {
                "allocate_load_balancer_node_ports": true,
                "cluster_ip": "10.228.15.63",
                "cluster_ips": [
                  "10.228.15.63"
                ],
                "external_ips": [],
                "external_name": "",
                "external_traffic_policy": "",
                "health_check_node_port": 0,
                "internal_traffic_policy": "Cluster",
                "ip_families": [
                  "IPv4"
                ],
                "ip_family_policy": "SingleStack",
                "load_balancer_class": "",
                "load_balancer_ip": "",
                "load_balancer_source_ranges": [],
                "port": [
                  {
                    "app_protocol": "",
                    "name": "",
                    "node_port": 0,
                    "port": 6379,
                    "protocol": "TCP",
                    "target_port": "6379"
                  }
                ],
                "publish_not_ready_addresses": false,
                "selector": {
                  "App": "redis",
                  "Tier": "backend"
                },
                "session_affinity": "None",
                "session_affinity_config": [],
                "type": "ClusterIP"
              }
            ],
            "status": [
              {
                "load_balancer": [
                  {
                    "ingress": []
                  }
                ]
              }
            ],
            "timeouts": null,
            "wait_for_load_balancer": true
          },
          "sensitive_attributes": [],
          "private": "eyJlMmJmYjczMC1lY2FhLTExZTYtOGY4OC0zNDM2M2JjN2M0YzAiOnsiY3JlYXRlIjo2MDAwMDAwMDAwMDB9LCJzY2hlbWFfdmVyc2lvbiI6IjEifQ==",
          "dependencies": [
            "data.google_client_config.default",
            "data.google_container_cluster.my_cluster",
            "data.terraform_remote_state.gke"
          ]
        }
      ]
    },
    {
      "mode": "managed",
      "type": "kubernetes_service_v1",
      "name": "redis-leader",
      "provider": "provider[\"registry.terraform.io/hashicorp/kubernetes\"]",
      "instances": [
        {
          "schema_version": 1,
          "attributes": {
            "id": "default/redis-leader",
            "metadata": [
              {
                "annotations": {},
                "generate_name": "",
                "generation": 0,
                "labels": {
                  "App": "redis",
                  "Tier": "backend"
                },
                "name": "redis-leader",
                "namespace": "default",
                "resource_version": "7325",
                "uid": "c8dd8b8b-b7e0-4e64-8471-cacd401a3179"
              }
            ],
            "spec": [
              {
                "allocate_load_balancer_node_ports": true,
                "cluster_ip": "10.228.7.164",
                "cluster_ips": [
                  "10.228.7.164"
                ],
                "external_ips": [],
                "external_name": "",
                "external_traffic_policy": "",
                "health_check_node_port": 0,
                "internal_traffic_policy": "Cluster",
                "ip_families": [
                  "IPv4"
                ],
                "ip_family_policy": "SingleStack",
                "load_balancer_class": "",
                "load_balancer_ip": "",
                "load_balancer_source_ranges": [],
                "port": [
                  {
                    "app_protocol": "",
                    "name": "",
                    "node_port": 0,
                    "port": 6379,
                    "protocol": "TCP",
                    "target_port": "6379"
                  }
                ],
                "publish_not_ready_addresses": false,
                "selector": {
                  "App": "redis",
                  "Tier": "backend"
                },
                "session_affinity": "None",
                "session_affinity_config": [],
                "type": "ClusterIP"
              }
            ],
            "status": [
              {
                "load_balancer": [
                  {
                    "ingress": []
                  }
                ]
              }
            ],
            "timeouts": null,
            "wait_for_load_balancer": true
          },
          "sensitive_attributes": [],
          "private": "eyJlMmJmYjczMC1lY2FhLTExZTYtOGY4OC0zNDM2M2JjN2M0YzAiOnsiY3JlYXRlIjo2MDAwMDAwMDAwMDB9LCJzY2hlbWFfdmVyc2lvbiI6IjEifQ==",
          "dependencies": [
            "data.google_client_config.default",
            "data.google_container_cluster.my_cluster",
            "data.terraform_remote_state.gke"
          ]
        }
      ]
    },
    {
      "module": "module.redis-follower-deployment",
      "mode": "managed",
      "type": "kubernetes_deployment_v1",
      "name": "deplt",
      "provider": "provider[\"registry.terraform.io/hashicorp/kubernetes\"]",
      "instances": [
        {
          "schema_version": 1,
          "attributes": {
            "id": "default/redis-follower",
            "metadata": [
              {
                "annotations": {},
                "generate_name": "",
                "generation": 1,
                "labels": {
                  "App": "redis",
                  "Tier": "backend"
                },
                "name": "redis-follower",
                "namespace": "default",
                "resource_version": "13943",
                "uid": "147948bc-4005-4fbb-9be5-0ab57ad69599"
              }
            ],
            "spec": [
              {
                "min_ready_seconds": 0,
                "paused": false,
                "progress_deadline_seconds": 600,
                "replicas": "1",
                "revision_history_limit": 10,
                "selector": [
                  {
                    "match_expressions": [],
                    "match_labels": {
                      "App": "redis"
                    }
                  }
                ],
                "strategy": [
                  {
                    "rolling_update": [
                      {
                        "max_surge": "25%",
                        "max_unavailable": "25%"
                      }
                    ],
                    "type": "RollingUpdate"
                  }
                ],
                "template": [
                  {
                    "metadata": [
                      {
                        "annotations": {},
                        "generate_name": "",
                        "generation": 0,
                        "labels": {
                          "App": "redis",
                          "Tier": "backend"
                        },
                        "name": "",
                        "namespace": "",
                        "resource_version": "",
                        "uid": ""
                      }
                    ],
                    "spec": [
                      {
                        "active_deadline_seconds": 0,
                        "affinity": [],
                        "automount_service_account_token": true,
                        "container": [
                          {
                            "args": [],
                            "command": [],
                            "env": [],
                            "env_from": [],
                            "image": "gcr.io/google_samples/gb-redis-follower:v2",
                            "image_pull_policy": "IfNotPresent",
                            "lifecycle": [],
                            "liveness_probe": [],
                            "name": "follower",
                            "port": [
                              {
                                "container_port": 6379,
                                "host_ip": "",
                                "host_port": 0,
                                "name": "",
                                "protocol": "TCP"
                              }
                            ],
                            "readiness_probe": [],
                            "resources": [
                              {
                                "limits": {},
                                "requests": {
                                  "cpu": "100m",
                                  "memory": "100Mi"
                                }
                              }
                            ],
                            "security_context": [],
                            "startup_probe": [],
                            "stdin": false,
                            "stdin_once": false,
                            "termination_message_path": "/dev/termination-log",
                            "termination_message_policy": "File",
                            "tty": false,
                            "volume_mount": [],
                            "working_dir": ""
                          }
                        ],
                        "dns_config": [],
                        "dns_policy": "ClusterFirst",
                        "enable_service_links": true,
                        "host_aliases": [],
                        "host_ipc": false,
                        "host_network": false,
                        "host_pid": false,
                        "hostname": "",
                        "image_pull_secrets": [],
                        "init_container": [],
                        "node_name": "",
                        "node_selector": {},
                        "priority_class_name": "",
                        "readiness_gate": [],
                        "restart_policy": "Always",
                        "runtime_class_name": "",
                        "scheduler_name": "default-scheduler",
                        "security_context": [],
                        "service_account_name": "",
                        "share_process_namespace": false,
                        "subdomain": "",
                        "termination_grace_period_seconds": 30,
                        "toleration": [],
                        "topology_spread_constraint": [],
                        "volume": []
                      }
                    ]
                  }
                ]
              }
            ],
            "timeouts": null,
            "wait_for_rollout": true
          },
          "sensitive_attributes": [],
          "private": "eyJlMmJmYjczMC1lY2FhLTExZTYtOGY4OC0zNDM2M2JjN2M0YzAiOnsiY3JlYXRlIjo2MDAwMDAwMDAwMDAsImRlbGV0ZSI6NjAwMDAwMDAwMDAwLCJ1cGRhdGUiOjYwMDAwMDAwMDAwMH0sInNjaGVtYV92ZXJzaW9uIjoiMSJ9",
          "dependencies": [
            "data.google_client_config.default",
            "data.google_container_cluster.my_cluster",
            "data.terraform_remote_state.gke"
          ]
        }
      ]
    },
    {
      "module": "module.redis-leader-deployment",
      "mode": "managed",
      "type": "kubernetes_deployment_v1",
      "name": "deplt",
      "provider": "provider[\"registry.terraform.io/hashicorp/kubernetes\"]",
      "instances": [
        {
          "schema_version": 1,
          "attributes": {
            "id": "default/redis-leader",
            "metadata": [
              {
                "annotations": {},
                "generate_name": "",
                "generation": 1,
                "labels": {
                  "App": "redis",
                  "Tier": "backend"
                },
                "name": "redis-leader",
                "namespace": "default",
                "resource_version": "13981",
                "uid": "3dd38fd8-57f5-4a47-9eee-d2b7dfb84f30"
              }
            ],
            "spec": [
              {
                "min_ready_seconds": 0,
                "paused": false,
                "progress_deadline_seconds": 600,
                "replicas": "1",
                "revision_history_limit": 10,
                "selector": [
                  {
                    "match_expressions": [],
                    "match_labels": {
                      "App": "redis"
                    }
                  }
                ],
                "strategy": [
                  {
                    "rolling_update": [
                      {
                        "max_surge": "25%",
                        "max_unavailable": "25%"
                      }
                    ],
                    "type": "RollingUpdate"
                  }
                ],
                "template": [
                  {
                    "metadata": [
                      {
                        "annotations": {},
                        "generate_name": "",
                        "generation": 0,
                        "labels": {
                          "App": "redis",
                          "Tier": "backend"
                        },
                        "name": "",
                        "namespace": "",
                        "resource_version": "",
                        "uid": ""
                      }
                    ],
                    "spec": [
                      {
                        "active_deadline_seconds": 0,
                        "affinity": [],
                        "automount_service_account_token": true,
                        "container": [
                          {
                            "args": [],
                            "command": [],
                            "env": [],
                            "env_from": [],
                            "image": "docker.io/redis:6.0.5",
                            "image_pull_policy": "IfNotPresent",
                            "lifecycle": [],
                            "liveness_probe": [],
                            "name": "leader",
                            "port": [
                              {
                                "container_port": 6379,
                                "host_ip": "",
                                "host_port": 0,
                                "name": "",
                                "protocol": "TCP"
                              }
                            ],
                            "readiness_probe": [],
                            "resources": [
                              {
                                "limits": {},
                                "requests": {
                                  "cpu": "100m",
                                  "memory": "100Mi"
                                }
                              }
                            ],
                            "security_context": [],
                            "startup_probe": [],
                            "stdin": false,
                            "stdin_once": false,
                            "termination_message_path": "/dev/termination-log",
                            "termination_message_policy": "File",
                            "tty": false,
                            "volume_mount": [],
                            "working_dir": ""
                          }
                        ],
                        "dns_config": [],
                        "dns_policy": "ClusterFirst",
                        "enable_service_links": true,
                        "host_aliases": [],
                        "host_ipc": false,
                        "host_network": false,
                        "host_pid": false,
                        "hostname": "",
                        "image_pull_secrets": [],
                        "init_container": [],
                        "node_name": "",
                        "node_selector": {},
                        "priority_class_name": "",
                        "readiness_gate": [],
                        "restart_policy": "Always",
                        "runtime_class_name": "",
                        "scheduler_name": "default-scheduler",
                        "security_context": [],
                        "service_account_name": "",
                        "share_process_namespace": false,
                        "subdomain": "",
                        "termination_grace_period_seconds": 30,
                        "toleration": [],
                        "topology_spread_constraint": [],
                        "volume": []
                      }
                    ]
                  }
                ]
              }
            ],
            "timeouts": null,
            "wait_for_rollout": true
          },
          "sensitive_attributes": [],
          "private": "eyJlMmJmYjczMC1lY2FhLTExZTYtOGY4OC0zNDM2M2JjN2M0YzAiOnsiY3JlYXRlIjo2MDAwMDAwMDAwMDAsImRlbGV0ZSI6NjAwMDAwMDAwMDAwLCJ1cGRhdGUiOjYwMDAwMDAwMDAwMH0sInNjaGVtYV92ZXJzaW9uIjoiMSJ9",
          "dependencies": [
            "data.google_client_config.default",
            "data.google_container_cluster.my_cluster",
            "data.terraform_remote_state.gke"
          ]
        }
      ]
    }
  ],
  "check_results": null
}
