{
  "version": 4,
  "terraform_version": "1.6.4",
  "serial": 22,
  "lineage": "fe98fb80-378c-4ca8-cb75-b10c6d4cbc4e",
  "outputs": {
    "wp_floating_ip": {
      "value": "10.129.178.125",
      "type": "string"
    }
  },
  "resources": [
    {
      "mode": "data",
      "type": "openstack_compute_keypair_v2",
      "name": "os_kp",
      "provider": "provider[\"registry.terraform.io/terraform-provider-openstack/openstack\"]",
      "instances": [
        {
          "schema_version": 0,
          "attributes": {
            "fingerprint": "b7:71:7c:8a:32:3a:22:a3:65:e4:62:30:8a:ce:d7:85",
            "id": "os-admin",
            "name": "os-admin",
            "public_key": "ssh-rsa AAAAB3NzaC1yc2EAAAADAQABAAABAQCs5oHG8rdGqIu8VfRvKkgh8fY+WreOwlG6+o5ED/ImkTZ1VF6vYDN3il/RNXFiLHPIaLUynG+/6f/WKVEO2Lx6SmkD45VKAVbbHtvqYMiAykMsHwSbMrbvsmSbK85mrDbz5JBidIwvjpAUg19oJFjED7AA0il4zfeAMu4ub9H3IOnWa/RZ34cFSP8RXV32aBQfv4QER31TYtp2FoQ30PjkAegWEiZ9hejXvFZmapzdrKTtVdEm6oziTDiSmJRNtmv9A2EHfTe5OMT9SXk0Tkm1FyNslHkYKNyyrf49GAQoB6OJPHlinjagzKlvtgLpBBxjO+UPk0ILvNZ0eFAnvWjx Generated-by-Nova",
            "region": "Brest1",
            "user_id": "119c10be5ef54477bc9d6355984a42ad"
          },
          "sensitive_attributes": []
        }
      ]
    },
    {
      "mode": "data",
      "type": "openstack_images_image_v2",
      "name": "imta",
      "provider": "provider[\"registry.terraform.io/terraform-provider-openstack/openstack\"]",
      "instances": [
        {
          "schema_version": 0,
          "attributes": {
            "checksum": "e248ea5c99bc6c6f0f60038608828514",
            "container_format": "bare",
            "created_at": "2023-11-18T16:17:51Z",
            "disk_format": "qcow2",
            "file": "/v2/images/989aa0db-b0a6-48c0-a313-b8acc235aab5/file",
            "hidden": false,
            "id": "989aa0db-b0a6-48c0-a313-b8acc235aab5",
            "member_status": null,
            "metadata": {},
            "min_disk_gb": 0,
            "min_ram_mb": 0,
            "most_recent": true,
            "name": "imta-ubuntu22",
            "name_regex": null,
            "owner": "104fe2fb64f3464f8097c5278ddc9796",
            "properties": {
              "os_hash_algo": "sha512",
              "os_hash_value": "bca60b2a972f2986659fa3f23557eb11b81b5c7309586a21919a1c2be34d7e16ee368a87179f3ca3d6f95f1cad5850dcec625b14a1070847226aaaefcd1c80c0",
              "owner_specified.openstack.md5": "",
              "owner_specified.openstack.object": "images/imta-ubuntu22",
              "owner_specified.openstack.sha256": "",
              "stores": "default_backend"
            },
            "protected": false,
            "region": "Brest1",
            "schema": "/v2/schemas/image",
            "size_bytes": 816906240,
            "size_max": null,
            "size_min": null,
            "sort_direction": "asc",
            "sort_key": "name",
            "tag": null,
            "tags": [],
            "updated_at": "2023-11-18T16:18:05Z",
            "visibility": "public"
          },
          "sensitive_attributes": []
        }
      ]
    },
    {
      "mode": "data",
      "type": "openstack_networking_secgroup_v2",
      "name": "default",
      "provider": "provider[\"registry.terraform.io/terraform-provider-openstack/openstack\"]",
      "instances": [
        {
          "schema_version": 0,
          "attributes": {
            "all_tags": [],
            "description": "Default security group",
            "id": "27a4cdda-b05a-421c-99c6-69499dc0db88",
            "name": "default",
            "region": "Brest1",
            "secgroup_id": null,
            "tags": null,
            "tenant_id": "053aefb005314174a27a59848e4984ac"
          },
          "sensitive_attributes": []
        }
      ]
    },
    {
      "mode": "managed",
      "type": "openstack_compute_floatingip_associate_v2",
      "name": "wp_ip_assoc",
      "provider": "provider[\"registry.terraform.io/terraform-provider-openstack/openstack\"]",
      "instances": [
        {
          "schema_version": 0,
          "attributes": {
            "fixed_ip": "",
            "floating_ip": "10.129.178.125",
            "id": "10.129.178.125/e798ba02-1538-43f9-b4bc-2ae729e21dee/",
            "instance_id": "e798ba02-1538-43f9-b4bc-2ae729e21dee",
            "region": "Brest1",
            "timeouts": null,
            "wait_until_associated": null
          },
          "sensitive_attributes": [],
          "private": "eyJlMmJmYjczMC1lY2FhLTExZTYtOGY4OC0zNDM2M2JjN2M0YzAiOnsiY3JlYXRlIjo2MDAwMDAwMDAwMDB9fQ==",
          "dependencies": [
            "data.openstack_compute_keypair_v2.os_kp",
            "data.openstack_images_image_v2.imta",
            "openstack_compute_instance_v2.wp_app",
            "openstack_compute_instance_v2.wp_db",
            "openstack_networking_floatingip_v2.wp_ip"
          ]
        }
      ]
    },
    {
      "mode": "managed",
      "type": "openstack_compute_instance_v2",
      "name": "wp_app",
      "provider": "provider[\"registry.terraform.io/terraform-provider-openstack/openstack\"]",
      "instances": [
        {
          "schema_version": 0,
          "attributes": {
            "access_ip_v4": "192.168.42.88",
            "access_ip_v6": "",
            "admin_pass": null,
            "all_metadata": {},
            "all_tags": [],
            "availability_zone": "nova",
            "availability_zone_hints": null,
            "block_device": [],
            "config_drive": null,
            "created": "2023-11-24 14:20:48 +0000 UTC",
            "flavor_id": "3",
            "flavor_name": "m1.small",
            "floating_ip": null,
            "force_delete": false,
            "id": "e798ba02-1538-43f9-b4bc-2ae729e21dee",
            "image_id": "989aa0db-b0a6-48c0-a313-b8acc235aab5",
            "image_name": "imta-ubuntu22",
            "key_pair": "os-admin",
            "metadata": null,
            "name": "wordpress-app",
            "network": [
              {
                "access_network": false,
                "fixed_ip_v4": "192.168.42.88",
                "fixed_ip_v6": "",
                "floating_ip": "",
                "mac": "fa:16:3e:e2:91:08",
                "name": "internal",
                "port": "",
                "uuid": "8a0095c6-3ae8-4b20-9846-36a14cf21624"
              }
            ],
            "network_mode": null,
            "personality": [],
            "power_state": "active",
            "region": "Brest1",
            "scheduler_hints": [],
            "security_groups": [
              "sg-open"
            ],
            "stop_before_destroy": false,
            "tags": null,
            "timeouts": null,
            "updated": "2023-11-24 14:20:52 +0000 UTC",
            "user_data": "41d15b6d3f696192d582ccc2bed2dd782d8c3108",
            "vendor_options": [],
            "volume": []
          },
          "sensitive_attributes": [],
          "private": "eyJlMmJmYjczMC1lY2FhLTExZTYtOGY4OC0zNDM2M2JjN2M0YzAiOnsiY3JlYXRlIjoxODAwMDAwMDAwMDAwLCJkZWxldGUiOjE4MDAwMDAwMDAwMDAsInVwZGF0ZSI6MTgwMDAwMDAwMDAwMH19",
          "dependencies": [
            "data.openstack_compute_keypair_v2.os_kp",
            "data.openstack_images_image_v2.imta",
            "openstack_compute_instance_v2.wp_db"
          ]
        }
      ]
    },
    {
      "mode": "managed",
      "type": "openstack_compute_instance_v2",
      "name": "wp_db",
      "provider": "provider[\"registry.terraform.io/terraform-provider-openstack/openstack\"]",
      "instances": [
        {
          "schema_version": 0,
          "attributes": {
            "access_ip_v4": "192.168.42.157",
            "access_ip_v6": "",
            "admin_pass": null,
            "all_metadata": {},
            "all_tags": [],
            "availability_zone": "nova",
            "availability_zone_hints": null,
            "block_device": [],
            "config_drive": null,
            "created": "2023-11-24 14:20:35 +0000 UTC",
            "flavor_id": "3",
            "flavor_name": "m1.small",
            "floating_ip": null,
            "force_delete": false,
            "id": "9ad30a75-2346-43b3-9d30-75ad9fc260e9",
            "image_id": "989aa0db-b0a6-48c0-a313-b8acc235aab5",
            "image_name": "imta-ubuntu22",
            "key_pair": "os-admin",
            "metadata": null,
            "name": "wordpress-db",
            "network": [
              {
                "access_network": false,
                "fixed_ip_v4": "192.168.42.157",
                "fixed_ip_v6": "",
                "floating_ip": "",
                "mac": "fa:16:3e:3a:3d:40",
                "name": "internal",
                "port": "",
                "uuid": "8a0095c6-3ae8-4b20-9846-36a14cf21624"
              }
            ],
            "network_mode": null,
            "personality": [],
            "power_state": "active",
            "region": "Brest1",
            "scheduler_hints": [],
            "security_groups": [
              "sg-open"
            ],
            "stop_before_destroy": false,
            "tags": null,
            "timeouts": null,
            "updated": "2023-11-24 14:20:39 +0000 UTC",
            "user_data": "260193acb2406e30cfe1fd436d1ad24810c648d8",
            "vendor_options": [],
            "volume": []
          },
          "sensitive_attributes": [],
          "private": "eyJlMmJmYjczMC1lY2FhLTExZTYtOGY4OC0zNDM2M2JjN2M0YzAiOnsiY3JlYXRlIjoxODAwMDAwMDAwMDAwLCJkZWxldGUiOjE4MDAwMDAwMDAwMDAsInVwZGF0ZSI6MTgwMDAwMDAwMDAwMH19",
          "dependencies": [
            "data.openstack_compute_keypair_v2.os_kp",
            "data.openstack_images_image_v2.imta"
          ]
        }
      ]
    },
    {
      "mode": "managed",
      "type": "openstack_networking_floatingip_v2",
      "name": "wp_ip",
      "provider": "provider[\"registry.terraform.io/terraform-provider-openstack/openstack\"]",
      "instances": [
        {
          "schema_version": 0,
          "attributes": {
            "address": "10.129.178.125",
            "all_tags": [],
            "description": "",
            "dns_domain": "",
            "dns_name": "",
            "fixed_ip": "192.168.42.143",
            "id": "233d8947-0699-486c-be10-022b48ff0209",
            "pool": "external",
            "port_id": "71b2ce4f-0ac3-4935-a248-519d80353f94",
            "region": "Brest1",
            "subnet_id": null,
            "subnet_ids": null,
            "tags": [],
            "tenant_id": "053aefb005314174a27a59848e4984ac",
            "timeouts": null,
            "value_specs": null
          },
          "sensitive_attributes": [],
          "private": "eyJlMmJmYjczMC1lY2FhLTExZTYtOGY4OC0zNDM2M2JjN2M0YzAiOnsiY3JlYXRlIjo2MDAwMDAwMDAwMDAsImRlbGV0ZSI6NjAwMDAwMDAwMDAwfX0="
        }
      ]
    },
    {
      "mode": "managed",
      "type": "openstack_networking_network_v2",
      "name": "internal",
      "provider": "provider[\"registry.terraform.io/terraform-provider-openstack/openstack\"]",
      "instances": [
        {
          "schema_version": 0,
          "attributes": {
            "admin_state_up": true,
            "all_tags": [],
            "availability_zone_hints": [],
            "description": "",
            "dns_domain": "",
            "external": false,
            "id": "8a0095c6-3ae8-4b20-9846-36a14cf21624",
            "mtu": 1442,
            "name": "internal",
            "port_security_enabled": true,
            "qos_policy_id": "",
            "region": "Brest1",
            "segments": [],
            "shared": false,
            "tags": [],
            "tenant_id": "053aefb005314174a27a59848e4984ac",
            "timeouts": null,
            "transparent_vlan": false,
            "value_specs": null
          },
          "sensitive_attributes": [],
          "private": "eyJlMmJmYjczMC1lY2FhLTExZTYtOGY4OC0zNDM2M2JjN2M0YzAiOnsiY3JlYXRlIjo2MDAwMDAwMDAwMDAsImRlbGV0ZSI6NjAwMDAwMDAwMDAwfX0="
        }
      ]
    },
    {
      "mode": "managed",
      "type": "openstack_networking_router_interface_v2",
      "name": "router_interface",
      "provider": "provider[\"registry.terraform.io/terraform-provider-openstack/openstack\"]",
      "instances": [
        {
          "schema_version": 0,
          "attributes": {
            "force_destroy": false,
            "id": "162a6078-7a85-4972-8134-911e28aba08d",
            "port_id": "162a6078-7a85-4972-8134-911e28aba08d",
            "region": "Brest1",
            "router_id": "7b0b9a16-9509-48b1-bdd2-dcb0bdb0ea23",
            "subnet_id": "5a8cfcc3-7045-4864-b01b-9aa68903ae07",
            "timeouts": null
          },
          "sensitive_attributes": [],
          "private": "eyJlMmJmYjczMC1lY2FhLTExZTYtOGY4OC0zNDM2M2JjN2M0YzAiOnsiY3JlYXRlIjo2MDAwMDAwMDAwMDAsImRlbGV0ZSI6NjAwMDAwMDAwMDAwfX0=",
          "dependencies": [
            "openstack_networking_network_v2.internal",
            "openstack_networking_router_v2.router",
            "openstack_networking_subnet_v2.subnet"
          ]
        }
      ]
    },
    {
      "mode": "managed",
      "type": "openstack_networking_router_v2",
      "name": "router",
      "provider": "provider[\"registry.terraform.io/terraform-provider-openstack/openstack\"]",
      "instances": [
        {
          "schema_version": 0,
          "attributes": {
            "admin_state_up": true,
            "all_tags": [],
            "availability_zone_hints": [],
            "description": "",
            "distributed": false,
            "enable_snat": true,
            "external_fixed_ip": [
              {
                "ip_address": "10.129.179.121",
                "subnet_id": "23ebbb11-c409-4b56-b68d-4c8b58909e45"
              }
            ],
            "external_gateway": "8c49bf69-e2ea-48a2-ada1-753a031f402d",
            "external_network_id": "8c49bf69-e2ea-48a2-ada1-753a031f402d",
            "external_subnet_ids": null,
            "id": "7b0b9a16-9509-48b1-bdd2-dcb0bdb0ea23",
            "name": "router",
            "region": "Brest1",
            "tags": [],
            "tenant_id": "053aefb005314174a27a59848e4984ac",
            "timeouts": null,
            "value_specs": null,
            "vendor_options": []
          },
          "sensitive_attributes": [],
          "private": "eyJlMmJmYjczMC1lY2FhLTExZTYtOGY4OC0zNDM2M2JjN2M0YzAiOnsiY3JlYXRlIjo2MDAwMDAwMDAwMDAsImRlbGV0ZSI6NjAwMDAwMDAwMDAwfX0="
        }
      ]
    },
    {
      "mode": "managed",
      "type": "openstack_networking_secgroup_rule_v2",
      "name": "secgroup_rule_all",
      "provider": "provider[\"registry.terraform.io/terraform-provider-openstack/openstack\"]",
      "instances": [
        {
          "schema_version": 0,
          "attributes": {
            "description": "",
            "direction": "ingress",
            "ethertype": "IPv4",
            "id": "3e8f0f6b-cec3-4eeb-8007-0ad186c5b378",
            "port_range_max": 0,
            "port_range_min": 0,
            "protocol": "",
            "region": "Brest1",
            "remote_group_id": "",
            "remote_ip_prefix": "0.0.0.0/0",
            "security_group_id": "b7a47356-556f-4062-8172-50ee8a3e3760",
            "tenant_id": "053aefb005314174a27a59848e4984ac",
            "timeouts": null
          },
          "sensitive_attributes": [],
          "private": "eyJlMmJmYjczMC1lY2FhLTExZTYtOGY4OC0zNDM2M2JjN2M0YzAiOnsiZGVsZXRlIjo2MDAwMDAwMDAwMDB9fQ==",
          "dependencies": [
            "openstack_networking_secgroup_v2.sg-open"
          ]
        }
      ]
    },
    {
      "mode": "managed",
      "type": "openstack_networking_secgroup_rule_v2",
      "name": "sg_rule_ssh",
      "provider": "provider[\"registry.terraform.io/terraform-provider-openstack/openstack\"]",
      "instances": [
        {
          "schema_version": 0,
          "attributes": {
            "description": "",
            "direction": "ingress",
            "ethertype": "IPv4",
            "id": "6825bf09-be6d-4bd6-80fb-989c04fa16db",
            "port_range_max": 22,
            "port_range_min": 22,
            "protocol": "tcp",
            "region": "Brest1",
            "remote_group_id": "",
            "remote_ip_prefix": "0.0.0.0/0",
            "security_group_id": "27a4cdda-b05a-421c-99c6-69499dc0db88",
            "tenant_id": "053aefb005314174a27a59848e4984ac",
            "timeouts": null
          },
          "sensitive_attributes": [],
          "private": "eyJlMmJmYjczMC1lY2FhLTExZTYtOGY4OC0zNDM2M2JjN2M0YzAiOnsiZGVsZXRlIjo2MDAwMDAwMDAwMDB9fQ==",
          "dependencies": [
            "data.openstack_networking_secgroup_v2.default"
          ]
        }
      ]
    },
    {
      "mode": "managed",
      "type": "openstack_networking_secgroup_v2",
      "name": "sg-open",
      "provider": "provider[\"registry.terraform.io/terraform-provider-openstack/openstack\"]",
      "instances": [
        {
          "schema_version": 0,
          "attributes": {
            "all_tags": [],
            "delete_default_rules": null,
            "description": "Open security group, allows everything",
            "id": "b7a47356-556f-4062-8172-50ee8a3e3760",
            "name": "sg-open",
            "region": "Brest1",
            "tags": [],
            "tenant_id": "053aefb005314174a27a59848e4984ac",
            "timeouts": null
          },
          "sensitive_attributes": [],
          "private": "eyJlMmJmYjczMC1lY2FhLTExZTYtOGY4OC0zNDM2M2JjN2M0YzAiOnsiZGVsZXRlIjo2MDAwMDAwMDAwMDB9fQ=="
        }
      ]
    },
    {
      "mode": "managed",
      "type": "openstack_networking_subnet_v2",
      "name": "subnet",
      "provider": "provider[\"registry.terraform.io/terraform-provider-openstack/openstack\"]",
      "instances": [
        {
          "schema_version": 0,
          "attributes": {
            "all_tags": [],
            "allocation_pool": [
              {
                "end": "192.168.42.254",
                "start": "192.168.42.2"
              }
            ],
            "allocation_pools": [
              {
                "end": "192.168.42.254",
                "start": "192.168.42.2"
              }
            ],
            "cidr": "192.168.42.0/24",
            "description": "",
            "dns_nameservers": [
              "192.44.75.10",
              "192.108.115.2"
            ],
            "enable_dhcp": true,
            "gateway_ip": "192.168.42.1",
            "host_routes": [],
            "id": "5a8cfcc3-7045-4864-b01b-9aa68903ae07",
            "ip_version": 4,
            "ipv6_address_mode": "",
            "ipv6_ra_mode": "",
            "name": "subnet",
            "network_id": "8a0095c6-3ae8-4b20-9846-36a14cf21624",
            "no_gateway": false,
            "prefix_length": null,
            "region": "Brest1",
            "service_types": [],
            "subnetpool_id": "",
            "tags": [],
            "tenant_id": "053aefb005314174a27a59848e4984ac",
            "timeouts": null,
            "value_specs": null
          },
          "sensitive_attributes": [],
          "private": "eyJlMmJmYjczMC1lY2FhLTExZTYtOGY4OC0zNDM2M2JjN2M0YzAiOnsiY3JlYXRlIjo2MDAwMDAwMDAwMDAsImRlbGV0ZSI6NjAwMDAwMDAwMDAwfX0=",
          "dependencies": [
            "openstack_networking_network_v2.internal"
          ]
        }
      ]
    }
  ],
  "check_results": null
}
