{
  "version": 4,
  "terraform_version": "1.6.4",
  "serial": 16,
  "lineage": "f82f8c0f-d301-68fb-8886-2906988a34f7",
  "outputs": {},
  "resources": [
    {
      "mode": "managed",
      "type": "google_compute_network",
      "name": "myvpc",
      "provider": "provider[\"registry.terraform.io/hashicorp/google\"]",
      "instances": [
        {
          "schema_version": 0,
          "attributes": {
            "auto_create_subnetworks": false,
            "delete_default_routes_on_create": false,
            "description": "",
            "enable_ula_internal_ipv6": false,
            "gateway_ipv4": "",
            "id": "projects/tuto-terraform-yperiquoi/global/networks/tuto-terraform-yperiquoi-vpc",
            "internal_ipv6_range": "",
            "mtu": 0,
            "name": "tuto-terraform-yperiquoi-vpc",
            "network_firewall_policy_enforcement_order": "AFTER_CLASSIC_FIREWALL",
            "project": "tuto-terraform-yperiquoi",
            "routing_mode": "REGIONAL",
            "self_link": "https://www.googleapis.com/compute/v1/projects/tuto-terraform-yperiquoi/global/networks/tuto-terraform-yperiquoi-vpc",
            "timeouts": null
          },
          "sensitive_attributes": [],
          "private": "eyJlMmJmYjczMC1lY2FhLTExZTYtOGY4OC0zNDM2M2JjN2M0YzAiOnsiY3JlYXRlIjoxMjAwMDAwMDAwMDAwLCJkZWxldGUiOjEyMDAwMDAwMDAwMDAsInVwZGF0ZSI6MTIwMDAwMDAwMDAwMH19"
        }
      ]
    },
    {
      "mode": "managed",
      "type": "google_compute_subnetwork",
      "name": "mysubnet",
      "provider": "provider[\"registry.terraform.io/hashicorp/google\"]",
      "instances": [
        {
          "schema_version": 0,
          "attributes": {
            "creation_timestamp": "2023-11-24T06:51:43.202-08:00",
            "description": "",
            "external_ipv6_prefix": "",
            "fingerprint": null,
            "gateway_address": "10.10.0.1",
            "id": "projects/tuto-terraform-yperiquoi/regions/europe-west9/subnetworks/tuto-terraform-yperiquoi-subnet",
            "internal_ipv6_prefix": "",
            "ip_cidr_range": "10.10.0.0/24",
            "ipv6_access_type": "",
            "ipv6_cidr_range": "",
            "log_config": [],
            "name": "tuto-terraform-yperiquoi-subnet",
            "network": "https://www.googleapis.com/compute/v1/projects/tuto-terraform-yperiquoi/global/networks/tuto-terraform-yperiquoi-vpc",
            "private_ip_google_access": true,
            "private_ipv6_google_access": "DISABLE_GOOGLE_ACCESS",
            "project": "tuto-terraform-yperiquoi",
            "purpose": "PRIVATE",
            "region": "europe-west9",
            "role": "",
            "secondary_ip_range": [
              {
                "ip_cidr_range": "10.224.0.0/14",
                "range_name": "gke-tuto-terraform-yperiquoi-gke-pods-5b4333d5"
              },
              {
                "ip_cidr_range": "10.228.0.0/20",
                "range_name": "gke-tuto-terraform-yperiquoi-gke-services-5b4333d5"
              }
            ],
            "self_link": "https://www.googleapis.com/compute/v1/projects/tuto-terraform-yperiquoi/regions/europe-west9/subnetworks/tuto-terraform-yperiquoi-subnet",
            "stack_type": "IPV4_ONLY",
            "timeouts": null
          },
          "sensitive_attributes": [],
          "private": "eyJlMmJmYjczMC1lY2FhLTExZTYtOGY4OC0zNDM2M2JjN2M0YzAiOnsiY3JlYXRlIjoxMjAwMDAwMDAwMDAwLCJkZWxldGUiOjEyMDAwMDAwMDAwMDAsInVwZGF0ZSI6MTIwMDAwMDAwMDAwMH19",
          "dependencies": [
            "google_compute_network.myvpc"
          ]
        }
      ]
    },
    {
      "mode": "managed",
      "type": "google_container_cluster",
      "name": "mycluster",
      "provider": "provider[\"registry.terraform.io/hashicorp/google\"]",
      "instances": [
        {
          "schema_version": 2,
          "attributes": {
            "addons_config": [
              {
                "cloudrun_config": [],
                "config_connector_config": [],
                "dns_cache_config": [],
                "gce_persistent_disk_csi_driver_config": [
                  {
                    "enabled": true
                  }
                ],
                "gcp_filestore_csi_driver_config": [],
                "gcs_fuse_csi_driver_config": [],
                "gke_backup_agent_config": [],
                "horizontal_pod_autoscaling": [],
                "http_load_balancing": [],
                "network_policy_config": [
                  {
                    "disabled": true
                  }
                ]
              }
            ],
            "allow_net_admin": null,
            "authenticator_groups_config": [],
            "binary_authorization": [
              {
                "enabled": false,
                "evaluation_mode": ""
              }
            ],
            "cluster_autoscaling": [
              {
                "auto_provisioning_defaults": [],
                "enabled": false,
                "resource_limits": []
              }
            ],
            "cluster_ipv4_cidr": "10.224.0.0/14",
            "confidential_nodes": [],
            "cost_management_config": [],
            "database_encryption": [
              {
                "key_name": "",
                "state": "DECRYPTED"
              }
            ],
            "datapath_provider": "",
            "default_max_pods_per_node": 110,
            "default_snat_status": [
              {
                "disabled": false
              }
            ],
            "deletion_protection": false,
            "description": "",
            "dns_config": [],
            "enable_autopilot": false,
            "enable_intranode_visibility": false,
            "enable_k8s_beta_apis": [],
            "enable_kubernetes_alpha": false,
            "enable_l4_ilb_subsetting": false,
            "enable_legacy_abac": false,
            "enable_shielded_nodes": true,
            "enable_tpu": false,
            "endpoint": "34.163.130.12",
            "fleet": [],
            "gateway_api_config": [],
            "id": "projects/tuto-terraform-yperiquoi/locations/europe-west9/clusters/tuto-terraform-yperiquoi-gke",
            "identity_service_config": [],
            "initial_node_count": 1,
            "ip_allocation_policy": [
              {
                "additional_pod_ranges_config": [],
                "cluster_ipv4_cidr_block": "10.224.0.0/14",
                "cluster_secondary_range_name": "gke-tuto-terraform-yperiquoi-gke-pods-5b4333d5",
                "pod_cidr_overprovision_config": [
                  {
                    "disabled": false
                  }
                ],
                "services_ipv4_cidr_block": "10.228.0.0/20",
                "services_secondary_range_name": "gke-tuto-terraform-yperiquoi-gke-services-5b4333d5",
                "stack_type": "IPV4"
              }
            ],
            "label_fingerprint": "a9dc16a7",
            "location": "europe-west9",
            "logging_config": [
              {
                "enable_components": [
                  "SYSTEM_COMPONENTS",
                  "WORKLOADS"
                ]
              }
            ],
            "logging_service": "logging.googleapis.com/kubernetes",
            "maintenance_policy": [],
            "master_auth": [
              {
                "client_certificate": "",
                "client_certificate_config": [
                  {
                    "issue_client_certificate": false
                  }
                ],
                "client_key": "",
                "cluster_ca_certificate": "LS0tLS1CRUdJTiBDRVJUSUZJQ0FURS0tLS0tCk1JSUVMVENDQXBXZ0F3SUJBZ0lSQU1IZ3NNZEQ3ODBNV1IrVXFtYVJsME13RFFZSktvWklodmNOQVFFTEJRQXcKTHpFdE1Dc0dBMVVFQXhNa05qSm1PVGMzTVdJdE1EWTVZUzAwWmpRNUxUbGhZbVl0TTJZeVlqUXlOalpoWVRJMwpNQ0FYRFRJek1URXlOREUwTVRnMU5Gb1lEekl3TlRNeE1URTJNVFV4T0RVMFdqQXZNUzB3S3dZRFZRUURFeVEyCk1tWTVOemN4WWkwd05qbGhMVFJtTkRrdE9XRmlaaTB6WmpKaU5ESTJObUZoTWpjd2dnR2lNQTBHQ1NxR1NJYjMKRFFFQkFRVUFBNElCandBd2dnR0tBb0lCZ1FDa2xzV3dOaGx5WUV3QU0yc0lsRFRqOTJVZFRmd29YSElZSDNWUQphS1UxNXVGN3NNWW9tUWF4VVk1Zk5NZXlGZEJRdEpIdWVVOFVQcTE5VyszalZwMWpUOHJMZ2taaFBsTkhpbitXClk2c0d1QmVNYkZYeXU1R1FlUHArUHNWdkdESFdqLzhrZC9xbzdzT0Y3c2lUTzNlUW5WM2tmNVphM3dvMXJ3VTUKTzZoQVpITDRZSjFGK2x1dFF3bzd6L3dycDNqbXBweHlEVUU3akhRNjFTS1J5ZkoxUXhlSTRhVW1qbDI4V1NpNgp2bGcvSml4WXZCVWdYNVhvUDl6V0x6SVNXZWlSbytVUk9Wekp1UTd2K2pKT1Nqcm9DS0tkUlRnVkl3M3VDdlpECllacVBzVzlNTHRKSFZORlJ5ZitvbGNVUzdOMDU3dTNWTmFmZUo1RTNWOW5ZQ2ZkSGwzLzdTcXF5MGN0bWoyeVcKYTU5Q0luL0pLTmV3N1RFcFJNaWk1ZlZZcTJIK1Fpd2RVbWMrZlhPU3NJWGt6R2pNNE95eDBQODdROTMxc1pEMAo0V3NNc0JsNXVmOGVndHoyTXNETkozWkh2Zno0K2IydmVOd3l3UlNHTE8yOTVacWVzWTZUMXY2OGRRZDlYWXE2CkF2WU5UQ2xVZTZsYjJwYWRrOUIzWTVBcUZKVUNBd0VBQWFOQ01FQXdEZ1lEVlIwUEFRSC9CQVFEQWdJRU1BOEcKQTFVZEV3RUIvd1FGTUFNQkFmOHdIUVlEVlIwT0JCWUVGSHpVcDRJNG9DODRBazhlQU5kb1B6NXNyV01GTUEwRwpDU3FHU0liM0RRRUJDd1VBQTRJQmdRQjBsZDZvTFhON1ptb1JJSjltby9Jb1Vkd1d3T2NuKytJUDhGTTIxcnBoClF2MXJBSE9uSERuYkJTZklwc1dEUWk5UTF1RlJNWjlZUE04SG8zN2MvS0MrU1hJMVdzUHJuSFN6RVBma3pCbU0KOTRKS01kQ2cyWW1vQmVOOTJKb0xWUk8zMmo2ZjByd3oydTZkYmtlSENSS2tjK3lwUXhUcHo1TnRteGtNNVJFKwpQUGtHdXpFeE1sY0FDODYzbXkydUZUcGNrNXdKQms1aGtpVjZHejBqQ2tyUmZOc1ZGUXZ1cW1LeXNybWhxYlJ0Ckoxa2pnK3RQUzVJWVoyTG1nRnFRNjU0K2ExZ0pucWpRV01TcHZZZEtZZUhva0U0MEk5c0FERmQ2em5YWE84b1oKNk9pZFo2aE1jNVk0NGVzQXNOdjZxaDV1M3NQVjF4cjRxMDNyWC90WGU1QkVrb2JUejlYbFVtcDJpTW1LL1VDawpvWjNXZE5zK3dkVUdhazlCSFVta3RBdGdiYWErYUp3VTh2V3Bib0Z0eldDZW9XZUZlTDhIV0hGbitFNm9vQlVYCmpWRGZNMkNxU29RWGQxdWtrZ2c1bUErdUpGY2t3VTA3Z3FIajBNUzNLaG9zbk5GS3hPU3paVzk5azdsaVkzMUIKQWtEZVZraDQ5Qm1CY3czVE9CSEpqZUk9Ci0tLS0tRU5EIENFUlRJRklDQVRFLS0tLS0K"
              }
            ],
            "master_authorized_networks_config": [],
            "master_version": "1.27.3-gke.100",
            "mesh_certificates": [],
            "min_master_version": null,
            "monitoring_config": [
              {
                "advanced_datapath_observability_config": [
                  {
                    "enable_metrics": false,
                    "relay_mode": ""
                  }
                ],
                "enable_components": [
                  "SYSTEM_COMPONENTS"
                ],
                "managed_prometheus": [
                  {
                    "enabled": true
                  }
                ]
              }
            ],
            "monitoring_service": "monitoring.googleapis.com/kubernetes",
            "name": "tuto-terraform-yperiquoi-gke",
            "network": "projects/tuto-terraform-yperiquoi/global/networks/tuto-terraform-yperiquoi-vpc",
            "network_policy": [
              {
                "enabled": false,
                "provider": "PROVIDER_UNSPECIFIED"
              }
            ],
            "networking_mode": "VPC_NATIVE",
            "node_config": [
              {
                "advanced_machine_features": [],
                "boot_disk_kms_key": "",
                "confidential_nodes": [],
                "disk_size_gb": 100,
                "disk_type": "pd-balanced",
                "effective_taints": [],
                "ephemeral_storage_local_ssd_config": [],
                "fast_socket": [],
                "gcfs_config": [],
                "guest_accelerator": [],
                "gvnic": [],
                "host_maintenance_policy": [],
                "image_type": "COS_CONTAINERD",
                "kubelet_config": [],
                "labels": {},
                "linux_node_config": [],
                "local_nvme_ssd_block_config": [],
                "local_ssd_count": 0,
                "logging_variant": "DEFAULT",
                "machine_type": "e2-medium",
                "metadata": {
                  "disable-legacy-endpoints": "true"
                },
                "min_cpu_platform": "",
                "node_group": "",
                "oauth_scopes": [
                  "https://www.googleapis.com/auth/devstorage.read_only",
                  "https://www.googleapis.com/auth/logging.write",
                  "https://www.googleapis.com/auth/monitoring",
                  "https://www.googleapis.com/auth/service.management.readonly",
                  "https://www.googleapis.com/auth/servicecontrol",
                  "https://www.googleapis.com/auth/trace.append"
                ],
                "preemptible": false,
                "reservation_affinity": [],
                "resource_labels": {},
                "service_account": "default",
                "shielded_instance_config": [
                  {
                    "enable_integrity_monitoring": true,
                    "enable_secure_boot": false
                  }
                ],
                "sole_tenant_config": [],
                "spot": false,
                "tags": [],
                "taint": [],
                "workload_metadata_config": []
              }
            ],
            "node_locations": [
              "europe-west9-a",
              "europe-west9-b",
              "europe-west9-c"
            ],
            "node_pool": [
              {
                "autoscaling": [],
                "initial_node_count": 1,
                "instance_group_urls": [
                  "https://www.googleapis.com/compute/v1/projects/tuto-terraform-yperiquoi/zones/europe-west9-a/instanceGroupManagers/gke-tuto-terraform-yperi-default-pool-c14cd7c2-grp",
                  "https://www.googleapis.com/compute/v1/projects/tuto-terraform-yperiquoi/zones/europe-west9-c/instanceGroupManagers/gke-tuto-terraform-yperi-default-pool-d7aab3b1-grp",
                  "https://www.googleapis.com/compute/v1/projects/tuto-terraform-yperiquoi/zones/europe-west9-b/instanceGroupManagers/gke-tuto-terraform-yperi-default-pool-ae088940-grp"
                ],
                "managed_instance_group_urls": [
                  "https://www.googleapis.com/compute/v1/projects/tuto-terraform-yperiquoi/zones/europe-west9-a/instanceGroups/gke-tuto-terraform-yperi-default-pool-c14cd7c2-grp",
                  "https://www.googleapis.com/compute/v1/projects/tuto-terraform-yperiquoi/zones/europe-west9-c/instanceGroups/gke-tuto-terraform-yperi-default-pool-d7aab3b1-grp",
                  "https://www.googleapis.com/compute/v1/projects/tuto-terraform-yperiquoi/zones/europe-west9-b/instanceGroups/gke-tuto-terraform-yperi-default-pool-ae088940-grp"
                ],
                "management": [
                  {
                    "auto_repair": true,
                    "auto_upgrade": true
                  }
                ],
                "max_pods_per_node": 110,
                "name": "default-pool",
                "name_prefix": "",
                "network_config": [
                  {
                    "create_pod_range": false,
                    "enable_private_nodes": false,
                    "pod_cidr_overprovision_config": [],
                    "pod_ipv4_cidr_block": "10.224.0.0/14",
                    "pod_range": "gke-tuto-terraform-yperiquoi-gke-pods-5b4333d5"
                  }
                ],
                "node_config": [
                  {
                    "advanced_machine_features": [],
                    "boot_disk_kms_key": "",
                    "confidential_nodes": [],
                    "disk_size_gb": 100,
                    "disk_type": "pd-balanced",
                    "effective_taints": [],
                    "ephemeral_storage_local_ssd_config": [],
                    "fast_socket": [],
                    "gcfs_config": [],
                    "guest_accelerator": [],
                    "gvnic": [],
                    "host_maintenance_policy": [],
                    "image_type": "COS_CONTAINERD",
                    "kubelet_config": [],
                    "labels": {},
                    "linux_node_config": [],
                    "local_nvme_ssd_block_config": [],
                    "local_ssd_count": 0,
                    "logging_variant": "DEFAULT",
                    "machine_type": "e2-medium",
                    "metadata": {
                      "disable-legacy-endpoints": "true"
                    },
                    "min_cpu_platform": "",
                    "node_group": "",
                    "oauth_scopes": [
                      "https://www.googleapis.com/auth/devstorage.read_only",
                      "https://www.googleapis.com/auth/logging.write",
                      "https://www.googleapis.com/auth/monitoring",
                      "https://www.googleapis.com/auth/service.management.readonly",
                      "https://www.googleapis.com/auth/servicecontrol",
                      "https://www.googleapis.com/auth/trace.append"
                    ],
                    "preemptible": false,
                    "reservation_affinity": [],
                    "resource_labels": {},
                    "service_account": "default",
                    "shielded_instance_config": [
                      {
                        "enable_integrity_monitoring": true,
                        "enable_secure_boot": false
                      }
                    ],
                    "sole_tenant_config": [],
                    "spot": false,
                    "tags": [],
                    "taint": [],
                    "workload_metadata_config": []
                  }
                ],
                "node_count": 1,
                "node_locations": [
                  "europe-west9-a",
                  "europe-west9-b",
                  "europe-west9-c"
                ],
                "placement_policy": [],
                "upgrade_settings": [
                  {
                    "blue_green_settings": [],
                    "max_surge": 1,
                    "max_unavailable": 0,
                    "strategy": "SURGE"
                  }
                ],
                "version": "1.27.3-gke.100"
              }
            ],
            "node_pool_auto_config": [],
            "node_pool_defaults": [
              {
                "node_config_defaults": [
                  {
                    "logging_variant": "DEFAULT"
                  }
                ]
              }
            ],
            "node_version": "1.27.3-gke.100",
            "notification_config": [
              {
                "pubsub": [
                  {
                    "enabled": false,
                    "filter": [],
                    "topic": ""
                  }
                ]
              }
            ],
            "operation": null,
            "private_cluster_config": [
              {
                "enable_private_endpoint": false,
                "enable_private_nodes": false,
                "master_global_access_config": [
                  {
                    "enabled": false
                  }
                ],
                "master_ipv4_cidr_block": "",
                "peering_name": "",
                "private_endpoint": "10.10.0.2",
                "private_endpoint_subnetwork": "",
                "public_endpoint": "34.163.130.12"
              }
            ],
            "private_ipv6_google_access": "",
            "project": "tuto-terraform-yperiquoi",
            "release_channel": [
              {
                "channel": "REGULAR"
              }
            ],
            "remove_default_node_pool": false,
            "resource_labels": {},
            "resource_usage_export_config": [],
            "security_posture_config": [
              {
                "mode": "BASIC",
                "vulnerability_mode": "VULNERABILITY_MODE_UNSPECIFIED"
              }
            ],
            "self_link": "https://container.googleapis.com/v1/projects/tuto-terraform-yperiquoi/locations/europe-west9/clusters/tuto-terraform-yperiquoi-gke",
            "service_external_ips_config": [
              {
                "enabled": false
              }
            ],
            "services_ipv4_cidr": "10.228.0.0/20",
            "subnetwork": "projects/tuto-terraform-yperiquoi/regions/europe-west9/subnetworks/tuto-terraform-yperiquoi-subnet",
            "timeouts": null,
            "tpu_ipv4_cidr_block": "",
            "vertical_pod_autoscaling": [],
            "workload_identity_config": []
          },
          "sensitive_attributes": [],
          "private": "eyJlMmJmYjczMC1lY2FhLTExZTYtOGY4OC0zNDM2M2JjN2M0YzAiOnsiY3JlYXRlIjoyNDAwMDAwMDAwMDAwLCJkZWxldGUiOjI0MDAwMDAwMDAwMDAsInJlYWQiOjI0MDAwMDAwMDAwMDAsInVwZGF0ZSI6MzYwMDAwMDAwMDAwMH0sInNjaGVtYV92ZXJzaW9uIjoiMiJ9",
          "dependencies": [
            "google_compute_network.myvpc",
            "google_compute_subnetwork.mysubnet"
          ]
        }
      ]
    }
  ],
  "check_results": null
}
